
Microsoft Visual Studio Solution File, Format Version 12.00
# Visual Studio Version 17
VisualStudioVersion = 17.8.34525.116
MinimumVisualStudioVersion = 10.0.40219.1
Project("{FAE04EC0-301F-11D3-BF4B-00C04F79EFBC}") = "dz11_12-2", "dz11_12-2\dz11_12-2.csproj", "{EEE10C79-F424-4A93-B93C-13C09DEF540A}"
EndProject
Global
	GlobalSection(SolutionConfigurationPlatforms) = preSolution
		Debug|Any CPU = Debug|Any CPU
		Release|Any CPU = Release|Any CPU
	EndGlobalSection
	GlobalSection(ProjectConfigurationPlatforms) = postSolution
		{EEE10C79-F424-4A93-B93C-13C09DEF540A}.Debug|Any CPU.ActiveCfg = Debug|Any CPU
		{EEE10C79-F424-4A93-B93C-13C09DEF540A}.Debug|Any CPU.Build.0 = Debug|Any CPU
		{EEE10C79-F424-4A93-B93C-13C09DEF540A}.Release|Any CPU.ActiveCfg = Release|Any CPU
		{EEE10C79-F424-4A93-B93C-13C09DEF540A}.Release|Any CPU.Build.0 = Release|Any CPU
	EndGlobalSection
	GlobalSection(SolutionProperties) = preSolution
		HideSolutionNode = FALSE
	EndGlobalSection
	GlobalSection(ExtensibilityGlobals) = postSolution
		SolutionGuid = {8A585DB8-87FF-4EED-9BCE-7B1D44D7B1FC}
	EndGlobalSection
EndGlobal
